// !$*UTF8*$!
{
	archiveVersion = 1;
	classes = {
	};
	objectVersion = 46;
	objects = {

/* Begin PBXBuildFile section */
		4D1A79B11EC3FB9E00C1380B /* main.m in Sources */ = {isa = PBXBuildFile; fileRef = 4D1A79B01EC3FB9E00C1380B /* main.m */; };
		4D1A79B41EC3FB9E00C1380B /* AppDelegate.m in Sources */ = {isa = PBXBuildFile; fileRef = 4D1A79B31EC3FB9E00C1380B /* AppDelegate.m */; };
		4D1A79B71EC3FB9E00C1380B /* ViewController.m in Sources */ = {isa = PBXBuildFile; fileRef = 4D1A79B61EC3FB9E00C1380B /* ViewController.m */; };
		4D1A79BA1EC3FB9E00C1380B /* Main.storyboard in Resources */ = {isa = PBXBuildFile; fileRef = 4D1A79B81EC3FB9E00C1380B /* Main.storyboard */; };
		4D1A79BC1EC3FB9E00C1380B /* Assets.xcassets in Resources */ = {isa = PBXBuildFile; fileRef = 4D1A79BB1EC3FB9E00C1380B /* Assets.xcassets */; };
		4D1A79BF1EC3FB9E00C1380B /* LaunchScreen.storyboard in Resources */ = {isa = PBXBuildFile; fileRef = 4D1A79BD1EC3FB9E00C1380B /* LaunchScreen.storyboard */; };
		4D1A79CA1EC3FB9E00C1380B /* LHYGFWeiChatTableViewCellTests.m in Sources */ = {isa = PBXBuildFile; fileRef = 4D1A79C91EC3FB9E00C1380B /* LHYGFWeiChatTableViewCellTests.m */; };
		4D1A79D51EC3FB9E00C1380B /* LHYGFWeiChatTableViewCellUITests.m in Sources */ = {isa = PBXBuildFile; fileRef = 4D1A79D41EC3FB9E00C1380B /* LHYGFWeiChatTableViewCellUITests.m */; };
		4D1A79E51EC3FF8E00C1380B /* LHYGFWeiChatCell.m in Sources */ = {isa = PBXBuildFile; fileRef = 4D1A79E41EC3FF8E00C1380B /* LHYGFWeiChatCell.m */; };
		4D1A79E81EC4131500C1380B /* LHYGFWeiChatCellButtonsView.m in Sources */ = {isa = PBXBuildFile; fileRef = 4D1A79E71EC4131500C1380B /* LHYGFWeiChatCellButtonsView.m */; };
		4D1A79FD1EC452FB00C1380B /* TYYDemoVC.m in Sources */ = {isa = PBXBuildFile; fileRef = 4D1A79FC1EC452FB00C1380B /* TYYDemoVC.m */; };
/* End PBXBuildFile section */

/* Begin PBXContainerItemProxy section */
		4D1A79C61EC3FB9E00C1380B /* PBXContainerItemProxy */ = {
			isa = PBXContainerItemProxy;
			containerPortal = 4D1A79A41EC3FB9E00C1380B /* Project object */;
			proxyType = 1;
			remoteGlobalIDString = 4D1A79AB1EC3FB9E00C1380B;
			remoteInfo = LHYGFWeiChatTableViewCell;
		};
		4D1A79D11EC3FB9E00C1380B /* PBXContainerItemProxy */ = {
			isa = PBXContainerItemProxy;
			containerPortal = 4D1A79A41EC3FB9E00C1380B /* Project object */;
			proxyType = 1;
			remoteGlobalIDString = 4D1A79AB1EC3FB9E00C1380B;
			remoteInfo = LHYGFWeiChatTableViewCell;
		};
/* End PBXContainerItemProxy section */

/* Begin PBXFileReference section */
		4D1A79AC1EC3FB9E00C1380B /* LHYGFWeiChatTableViewCell.app */ = {isa = PBXFileReference; explicitFileType = wrapper.application; includeInIndex = 0; path = LHYGFWeiChatTableViewCell.app; sourceTree = BUILT_PRODUCTS_DIR; };
		4D1A79B01EC3FB9E00C1380B /* main.m */ = {isa = PBXFileReference; lastKnownFileType = sourcecode.c.objc; path = main.m; sourceTree = "<group>"; };
		4D1A79B21EC3FB9E00C1380B /* AppDelegate.h */ = {isa = PBXFileReference; lastKnownFileType = sourcecode.c.h; path = AppDelegate.h; sourceTree = "<group>"; };
		4D1A79B31EC3FB9E00C1380B /* AppDelegate.m */ = {isa = PBXFileReference; lastKnownFileType = sourcecode.c.objc; path = AppDelegate.m; sourceTree = "<group>"; };
		4D1A79B51EC3FB9E00C1380B /* ViewController.h */ = {isa = PBXFileReference; lastKnownFileType = sourcecode.c.h; path = ViewController.h; sourceTree = "<group>"; };
		4D1A79B61EC3FB9E00C1380B /* ViewController.m */ = {isa = PBXFileReference; lastKnownFileType = sourcecode.c.objc; path = ViewController.m; sourceTree = "<group>"; };
		4D1A79B91EC3FB9E00C1380B /* Base */ = {isa = PBXFileReference; lastKnownFileType = file.storyboard; name = Base; path = Base.lproj/Main.storyboard; sourceTree = "<group>"; };
		4D1A79BB1EC3FB9E00C1380B /* Assets.xcassets */ = {isa = PBXFileReference; lastKnownFileType = folder.assetcatalog; path = Assets.xcassets; sourceTree = "<group>"; };
		4D1A79BE1EC3FB9E00C1380B /* Base */ = {isa = PBXFileReference; lastKnownFileType = file.storyboard; name = Base; path = Base.lproj/LaunchScreen.storyboard; sourceTree = "<group>"; };
		4D1A79C01EC3FB9E00C1380B /* Info.plist */ = {isa = PBXFileReference; lastKnownFileType = text.plist.xml; path = Info.plist; sourceTree = "<group>"; };
		4D1A79C51EC3FB9E00C1380B /* LHYGFWeiChatTableViewCellTests.xctest */ = {isa = PBXFileReference; explicitFileType = wrapper.cfbundle; includeInIndex = 0; path = LHYGFWeiChatTableViewCellTests.xctest; sourceTree = BUILT_PRODUCTS_DIR; };
		4D1A79C91EC3FB9E00C1380B /* LHYGFWeiChatTableViewCellTests.m */ = {isa = PBXFileReference; lastKnownFileType = sourcecode.c.objc; path = LHYGFWeiChatTableViewCellTests.m; sourceTree = "<group>"; };
		4D1A79CB1EC3FB9E00C1380B /* Info.plist */ = {isa = PBXFileReference; lastKnownFileType = text.plist.xml; path = Info.plist; sourceTree = "<group>"; };
		4D1A79D01EC3FB9E00C1380B /* LHYGFWeiChatTableViewCellUITests.xctest */ = {isa = PBXFileReference; explicitFileType = wrapper.cfbundle; includeInIndex = 0; path = LHYGFWeiChatTableViewCellUITests.xctest; sourceTree = BUILT_PRODUCTS_DIR; };
		4D1A79D41EC3FB9E00C1380B /* LHYGFWeiChatTableViewCellUITests.m */ = {isa = PBXFileReference; lastKnownFileType = sourcecode.c.objc; path = LHYGFWeiChatTableViewCellUITests.m; sourceTree = "<group>"; };
		4D1A79D61EC3FB9E00C1380B /* Info.plist */ = {isa = PBXFileReference; lastKnownFileType = text.plist.xml; path = Info.plist; sourceTree = "<group>"; };
		4D1A79E31EC3FF8E00C1380B /* LHYGFWeiChatCell.h */ = {isa = PBXFileReference; fileEncoding = 4; lastKnownFileType = sourcecode.c.h; path = LHYGFWeiChatCell.h; sourceTree = "<group>"; };
		4D1A79E41EC3FF8E00C1380B /* LHYGFWeiChatCell.m */ = {isa = PBXFileReference; fileEncoding = 4; lastKnownFileType = sourcecode.c.objc; path = LHYGFWeiChatCell.m; sourceTree = "<group>"; };
		4D1A79E61EC4131500C1380B /* LHYGFWeiChatCellButtonsView.h */ = {isa = PBXFileReference; fileEncoding = 4; lastKnownFileType = sourcecode.c.h; path = LHYGFWeiChatCellButtonsView.h; sourceTree = "<group>"; };
		4D1A79E71EC4131500C1380B /* LHYGFWeiChatCellButtonsView.m */ = {isa = PBXFileReference; fileEncoding = 4; lastKnownFileType = sourcecode.c.objc; path = LHYGFWeiChatCellButtonsView.m; sourceTree = "<group>"; };
		4D1A79FB1EC452FB00C1380B /* TYYDemoVC.h */ = {isa = PBXFileReference; fileEncoding = 4; lastKnownFileType = sourcecode.c.h; path = TYYDemoVC.h; sourceTree = "<group>"; };
		4D1A79FC1EC452FB00C1380B /* TYYDemoVC.m */ = {isa = PBXFileReference; fileEncoding = 4; lastKnownFileType = sourcecode.c.objc; path = TYYDemoVC.m; sourceTree = "<group>"; };
/* End PBXFileReference section */

/* Begin PBXFrameworksBuildPhase section */
		4D1A79A91EC3FB9E00C1380B /* Frameworks */ = {
			isa = PBXFrameworksBuildPhase;
			buildActionMask = 2147483647;
			files = (
			);
			runOnlyForDeploymentPostprocessing = 0;
		};
		4D1A79C21EC3FB9E00C1380B /* Frameworks */ = {
			isa = PBXFrameworksBuildPhase;
			buildActionMask = 2147483647;
			files = (
			);
			runOnlyForDeploymentPostprocessing = 0;
		};
		4D1A79CD1EC3FB9E00C1380B /* Frameworks */ = {
			isa = PBXFrameworksBuildPhase;
			buildActionMask = 2147483647;
			files = (
			);
			runOnlyForDeploymentPostprocessing = 0;
		};
/* End PBXFrameworksBuildPhase section */

/* Begin PBXGroup section */
		4D1A79A31EC3FB9E00C1380B = {
			isa = PBXGroup;
			children = (
				4D1A79AE1EC3FB9E00C1380B /* LHYGFWeiChatTableViewCell */,
				4D1A79C81EC3FB9E00C1380B /* LHYGFWeiChatTableViewCellTests */,
				4D1A79D31EC3FB9E00C1380B /* LHYGFWeiChatTableViewCellUITests */,
				4D1A79AD1EC3FB9E00C1380B /* Products */,
			);
			sourceTree = "<group>";
		};
		4D1A79AD1EC3FB9E00C1380B /* Products */ = {
			isa = PBXGroup;
			children = (
				4D1A79AC1EC3FB9E00C1380B /* LHYGFWeiChatTableViewCell.app */,
				4D1A79C51EC3FB9E00C1380B /* LHYGFWeiChatTableViewCellTests.xctest */,
				4D1A79D01EC3FB9E00C1380B /* LHYGFWeiChatTableViewCellUITests.xctest */,
			);
			name = Products;
			sourceTree = "<group>";
		};
		4D1A79AE1EC3FB9E00C1380B /* LHYGFWeiChatTableViewCell */ = {
			isa = PBXGroup;
			children = (
				4D1A79E21EC3FEAA00C1380B /* LHYGFWeiChatCell */,
				4D1A79B21EC3FB9E00C1380B /* AppDelegate.h */,
				4D1A79B31EC3FB9E00C1380B /* AppDelegate.m */,
				4D1A79FB1EC452FB00C1380B /* TYYDemoVC.h */,
				4D1A79FC1EC452FB00C1380B /* TYYDemoVC.m */,
				4D1A79B51EC3FB9E00C1380B /* ViewController.h */,
				4D1A79B61EC3FB9E00C1380B /* ViewController.m */,
				4D1A79B81EC3FB9E00C1380B /* Main.storyboard */,
				4D1A79BB1EC3FB9E00C1380B /* Assets.xcassets */,
				4D1A79BD1EC3FB9E00C1380B /* LaunchScreen.storyboard */,
				4D1A79C01EC3FB9E00C1380B /* Info.plist */,
				4D1A79AF1EC3FB9E00C1380B /* Supporting Files */,
			);
			path = LHYGFWeiChatTableViewCell;
			sourceTree = "<group>";
		};
		4D1A79AF1EC3FB9E00C1380B /* Supporting Files */ = {
			isa = PBXGroup;
			children = (
				4D1A79B01EC3FB9E00C1380B /* main.m */,
			);
			name = "Supporting Files";
			sourceTree = "<group>";
		};
		4D1A79C81EC3FB9E00C1380B /* LHYGFWeiChatTableViewCellTests */ = {
			isa = PBXGroup;
			children = (
				4D1A79C91EC3FB9E00C1380B /* LHYGFWeiChatTableViewCellTests.m */,
				4D1A79CB1EC3FB9E00C1380B /* Info.plist */,
			);
			path = LHYGFWeiChatTableViewCellTests;
			sourceTree = "<group>";
		};
		4D1A79D31EC3FB9E00C1380B /* LHYGFWeiChatTableViewCellUITests */ = {
			isa = PBXGroup;
			children = (
				4D1A79D41EC3FB9E00C1380B /* LHYGFWeiChatTableViewCellUITests.m */,
				4D1A79D61EC3FB9E00C1380B /* Info.plist */,
			);
			path = LHYGFWeiChatTableViewCellUITests;
			sourceTree = "<group>";
		};
		4D1A79E21EC3FEAA00C1380B /* LHYGFWeiChatCell */ = {
			isa = PBXGroup;
			children = (
				4D1A79E31EC3FF8E00C1380B /* LHYGFWeiChatCell.h */,
				4D1A79E41EC3FF8E00C1380B /* LHYGFWeiChatCell.m */,
				4D1A79E61EC4131500C1380B /* LHYGFWeiChatCellButtonsView.h */,
				4D1A79E71EC4131500C1380B /* LHYGFWeiChatCellButtonsView.m */,
			);
			path = LHYGFWeiChatCell;
			sourceTree = "<group>";
		};
/* End PBXGroup section */

/* Begin PBXNativeTarget section */
		4D1A79AB1EC3FB9E00C1380B /* LHYGFWeiChatTableViewCell */ = {
			isa = PBXNativeTarget;
			buildConfigurationList = 4D1A79D91EC3FB9E00C1380B /* Build configuration list for PBXNativeTarget "LHYGFWeiChatTableViewCell" */;
			buildPhases = (
				4D1A79A81EC3FB9E00C1380B /* Sources */,
				4D1A79A91EC3FB9E00C1380B /* Frameworks */,
				4D1A79AA1EC3FB9E00C1380B /* Resources */,
			);
			buildRules = (
			);
			dependencies = (
			);
			name = LHYGFWeiChatTableViewCell;
			productName = LHYGFWeiChatTableViewCell;
			productReference = 4D1A79AC1EC3FB9E00C1380B /* LHYGFWeiChatTableViewCell.app */;
			productType = "com.apple.product-type.application";
		};
		4D1A79C41EC3FB9E00C1380B /* LHYGFWeiChatTableViewCellTests */ = {
			isa = PBXNativeTarget;
			buildConfigurationList = 4D1A79DC1EC3FB9E00C1380B /* Build configuration list for PBXNativeTarget "LHYGFWeiChatTableViewCellTests" */;
			buildPhases = (
				4D1A79C11EC3FB9E00C1380B /* Sources */,
				4D1A79C21EC3FB9E00C1380B /* Frameworks */,
				4D1A79C31EC3FB9E00C1380B /* Resources */,
			);
			buildRules = (
			);
			dependencies = (
				4D1A79C71EC3FB9E00C1380B /* PBXTargetDependency */,
			);
			name = LHYGFWeiChatTableViewCellTests;
			productName = LHYGFWeiChatTableViewCellTests;
			productReference = 4D1A79C51EC3FB9E00C1380B /* LHYGFWeiChatTableViewCellTests.xctest */;
			productType = "com.apple.product-type.bundle.unit-test";
		};
		4D1A79CF1EC3FB9E00C1380B /* LHYGFWeiChatTableViewCellUITests */ = {
			isa = PBXNativeTarget;
			buildConfigurationList = 4D1A79DF1EC3FB9E00C1380B /* Build configuration list for PBXNativeTarget "LHYGFWeiChatTableViewCellUITests" */;
			buildPhases = (
				4D1A79CC1EC3FB9E00C1380B /* Sources */,
				4D1A79CD1EC3FB9E00C1380B /* Frameworks */,
				4D1A79CE1EC3FB9E00C1380B /* Resources */,
			);
			buildRules = (
			);
			dependencies = (
				4D1A79D21EC3FB9E00C1380B /* PBXTargetDependency */,
			);
			name = LHYGFWeiChatTableViewCellUITests;
			productName = LHYGFWeiChatTableViewCellUITests;
			productReference = 4D1A79D01EC3FB9E00C1380B /* LHYGFWeiChatTableViewCellUITests.xctest */;
			productType = "com.apple.product-type.bundle.ui-testing";
		};
/* End PBXNativeTarget section */

/* Begin PBXProject section */
		4D1A79A41EC3FB9E00C1380B /* Project object */ = {
			isa = PBXProject;
			attributes = {
				LastUpgradeCheck = 0830;
				ORGANIZATIONNAME = "Huoyi Lin";
				TargetAttributes = {
					4D1A79AB1EC3FB9E00C1380B = {
						CreatedOnToolsVersion = 8.3.2;
						DevelopmentTeam = UXFW3Q5UB6;
						ProvisioningStyle = Automatic;
					};
					4D1A79C41EC3FB9E00C1380B = {
						CreatedOnToolsVersion = 8.3.2;
						DevelopmentTeam = UXFW3Q5UB6;
						ProvisioningStyle = Automatic;
						TestTargetID = 4D1A79AB1EC3FB9E00C1380B;
					};
					4D1A79CF1EC3FB9E00C1380B = {
						CreatedOnToolsVersion = 8.3.2;
						DevelopmentTeam = UXFW3Q5UB6;
						ProvisioningStyle = Automatic;
						TestTargetID = 4D1A79AB1EC3FB9E00C1380B;
					};
				};
			};
			buildConfigurationList = 4D1A79A71EC3FB9E00C1380B /* Build configuration list for PBXProject "LHYGFWeiChatTableViewCell" */;
			compatibilityVersion = "Xcode 3.2";
			developmentRegion = English;
			hasScannedForEncodings = 0;
			knownRegions = (
				en,
				Base,
			);
			mainGroup = 4D1A79A31EC3FB9E00C1380B;
			productRefGroup = 4D1A79AD1EC3FB9E00C1380B /* Products */;
			projectDirPath = "";
			projectRoot = "";
			targets = (
				4D1A79AB1EC3FB9E00C1380B /* LHYGFWeiChatTableViewCell */,
				4D1A79C41EC3FB9E00C1380B /* LHYGFWeiChatTableViewCellTests */,
				4D1A79CF1EC3FB9E00C1380B /* LHYGFWeiChatTableViewCellUITests */,
			);
		};
/* End PBXProject section */

/* Begin PBXResourcesBuildPhase section */
		4D1A79AA1EC3FB9E00C1380B /* Resources */ = {
			isa = PBXResourcesBuildPhase;
			buildActionMask = 2147483647;
			files = (
				4D1A79BF1EC3FB9E00C1380B /* LaunchScreen.storyboard in Resources */,
				4D1A79BC1EC3FB9E00C1380B /* Assets.xcassets in Resources */,
				4D1A79BA1EC3FB9E00C1380B /* Main.storyboard in Resources */,
			);
			runOnlyForDeploymentPostprocessing = 0;
		};
		4D1A79C31EC3FB9E00C1380B /* Resources */ = {
			isa = PBXResourcesBuildPhase;
			buildActionMask = 2147483647;
			files = (
			);
			runOnlyForDeploymentPostprocessing = 0;
		};
		4D1A79CE1EC3FB9E00C1380B /* Resources */ = {
			isa = PBXResourcesBuildPhase;
			buildActionMask = 2147483647;
			files = (
			);
			runOnlyForDeploymentPostprocessing = 0;
		};
/* End PBXResourcesBuildPhase section */

/* Begin PBXSourcesBuildPhase section */
		4D1A79A81EC3FB9E00C1380B /* Sources */ = {
			isa = PBXSourcesBuildPhase;
			buildActionMask = 2147483647;
			files = (
				4D1A79E51EC3FF8E00C1380B /* LHYGFWeiChatCell.m in Sources */,
				4D1A79B71EC3FB9E00C1380B /* ViewController.m in Sources */,
				4D1A79FD1EC452FB00C1380B /* TYYDemoVC.m in Sources */,
				4D1A79E81EC4131500C1380B /* LHYGFWeiChatCellButtonsView.m in Sources */,
				4D1A79B41EC3FB9E00C1380B /* AppDelegate.m in Sources */,
				4D1A79B11EC3FB9E00C1380B /* main.m in Sources */,
			);
			runOnlyForDeploymentPostprocessing = 0;
		};
		4D1A79C11EC3FB9E00C1380B /* Sources */ = {
			isa = PBXSourcesBuildPhase;
			buildActionMask = 2147483647;
			files = (
				4D1A79CA1EC3FB9E00C1380B /* LHYGFWeiChatTableViewCellTests.m in Sources */,
			);
			runOnlyForDeploymentPostprocessing = 0;
		};
		4D1A79CC1EC3FB9E00C1380B /* Sources */ = {
			isa = PBXSourcesBuildPhase;
			buildActionMask = 2147483647;
			files = (
				4D1A79D51EC3FB9E00C1380B /* LHYGFWeiChatTableViewCellUITests.m in Sources */,
			);
			runOnlyForDeploymentPostprocessing = 0;
		};
/* End PBXSourcesBuildPhase section */

/* Begin PBXTargetDependency section */
		4D1A79C71EC3FB9E00C1380B /* PBXTargetDependency */ = {
			isa = PBXTargetDependency;
			target = 4D1A79AB1EC3FB9E00C1380B /* LHYGFWeiChatTableViewCell */;
			targetProxy = 4D1A79C61EC3FB9E00C1380B /* PBXContainerItemProxy */;
		};
		4D1A79D21EC3FB9E00C1380B /* PBXTargetDependency */ = {
			isa = PBXTargetDependency;
			target = 4D1A79AB1EC3FB9E00C1380B /* LHYGFWeiChatTableViewCell */;
			targetProxy = 4D1A79D11EC3FB9E00C1380B /* PBXContainerItemProxy */;
		};
/* End PBXTargetDependency section */

/* Begin PBXVariantGroup section */
		4D1A79B81EC3FB9E00C1380B /* Main.storyboard */ = {
			isa = PBXVariantGroup;
			children = (
				4D1A79B91EC3FB9E00C1380B /* Base */,
			);
			name = Main.storyboard;
			sourceTree = "<group>";
		};
		4D1A79BD1EC3FB9E00C1380B /* LaunchScreen.storyboard */ = {
			isa = PBXVariantGroup;
			children = (
				4D1A79BE1EC3FB9E00C1380B /* Base */,
			);
			name = LaunchScreen.storyboard;
			sourceTree = "<group>";
		};
/* End PBXVariantGroup section */

/* Begin XCBuildConfiguration section */
		4D1A79D71EC3FB9E00C1380B /* Debug */ = {
			isa = XCBuildConfiguration;
			buildSettings = {
				ALWAYS_SEARCH_USER_PATHS = NO;
				CLANG_ANALYZER_NONNULL = YES;
				CLANG_ANALYZER_NUMBER_OBJECT_CONVERSION = YES_AGGRESSIVE;
				CLANG_CXX_LANGUAGE_STANDARD = "gnu++0x";
				CLANG_CXX_LIBRARY = "libc++";
				CLANG_ENABLE_MODULES = YES;
				CLANG_ENABLE_OBJC_ARC = YES;
				CLANG_WARN_BOOL_CONVERSION = YES;
				CLANG_WARN_CONSTANT_CONVERSION = YES;
				CLANG_WARN_DIRECT_OBJC_ISA_USAGE = YES_ERROR;
				CLANG_WARN_DOCUMENTATION_COMMENTS = YES;
				CLANG_WARN_EMPTY_BODY = YES;
				CLANG_WARN_ENUM_CONVERSION = YES;
				CLANG_WARN_INFINITE_RECURSION = YES;
				CLANG_WARN_INT_CONVERSION = YES;
				CLANG_WARN_OBJC_ROOT_CLASS = YES_ERROR;
				CLANG_WARN_SUSPICIOUS_MOVE = YES;
				CLANG_WARN_UNREACHABLE_CODE = YES;
				CLANG_WARN__DUPLICATE_METHOD_MATCH = YES;
				"CODE_SIGN_IDENTITY[sdk=iphoneos*]" = "iPhone Developer";
				COPY_PHASE_STRIP = NO;
				DEBUG_INFORMATION_FORMAT = dwarf;
				ENABLE_STRICT_OBJC_MSGSEND = YES;
				ENABLE_TESTABILITY = YES;
				GCC_C_LANGUAGE_STANDARD = gnu99;
				GCC_DYNAMIC_NO_PIC = NO;
				GCC_NO_COMMON_BLOCKS = YES;
				GCC_OPTIMIZATION_LEVEL = 0;
				GCC_PREPROCESSOR_DEFINITIONS = (
					"DEBUG=1",
					"$(inherited)",
				);
				GCC_WARN_64_TO_32_BIT_CONVERSION = YES;
				GCC_WARN_ABOUT_RETURN_TYPE = YES_ERROR;
				GCC_WARN_UNDECLARED_SELECTOR = YES;
				GCC_WARN_UNINITIALIZED_AUTOS = YES_AGGRESSIVE;
				GCC_WARN_UNUSED_FUNCTION = YES;
				GCC_WARN_UNUSED_VARIABLE = YES;
				IPHONEOS_DEPLOYMENT_TARGET = 10.3;
				MTL_ENABLE_DEBUG_INFO = YES;
				ONLY_ACTIVE_ARCH = YES;
				SDKROOT = iphoneos;
				TARGETED_DEVICE_FAMILY = "1,2";
			};
			name = Debug;
		};
		4D1A79D81EC3FB9E00C1380B /* Release */ = {
			isa = XCBuildConfiguration;
			buildSettings = {
				ALWAYS_SEARCH_USER_PATHS = NO;
				CLANG_ANALYZER_NONNULL = YES;
				CLANG_ANALYZER_NUMBER_OBJECT_CONVERSION = YES_AGGRESSIVE;
				CLANG_CXX_LANGUAGE_STANDARD = "gnu++0x";
				CLANG_CXX_LIBRARY = "libc++";
				CLANG_ENABLE_MODULES = YES;
				CLANG_ENABLE_OBJC_ARC = YES;
				CLANG_WARN_BOOL_CONVERSION = YES;
				CLANG_WARN_CONSTANT_CONVERSION = YES;
				CLANG_WARN_DIRECT_OBJC_ISA_USAGE = YES_ERROR;
				CLANG_WARN_DOCUMENTATION_COMMENTS = YES;
				CLANG_WARN_EMPTY_BODY = YES;
				CLANG_WARN_ENUM_CONVERSION = YES;
				CLANG_WARN_INFINITE_RECURSION = YES;
				CLANG_WARN_INT_CONVERSION = YES;
				CLANG_WARN_OBJC_ROOT_CLASS = YES_ERROR;
				CLANG_WARN_SUSPICIOUS_MOVE = YES;
				CLANG_WARN_UNREACHABLE_CODE = YES;
				CLANG_WARN__DUPLICATE_METHOD_MATCH = YES;
				"CODE_SIGN_IDENTITY[sdk=iphoneos*]" = "iPhone Developer";
				COPY_PHASE_STRIP = NO;
				DEBUG_INFORMATION_FORMAT = "dwarf-with-dsym";
				ENABLE_NS_ASSERTIONS = NO;
				ENABLE_STRICT_OBJC_MSGSEND = YES;
				GCC_C_LANGUAGE_STANDARD = gnu99;
				GCC_NO_COMMON_BLOCKS = YES;
				GCC_WARN_64_TO_32_BIT_CONVERSION = YES;
				GCC_WARN_ABOUT_RETURN_TYPE = YES_ERROR;
				GCC_WARN_UNDECLARED_SELECTOR = YES;
				GCC_WARN_UNINITIALIZED_AUTOS = YES_AGGRESSIVE;
				GCC_WARN_UNUSED_FUNCTION = YES;
				GCC_WARN_UNUSED_VARIABLE = YES;
				IPHONEOS_DEPLOYMENT_TARGET = 10.3;
				MTL_ENABLE_DEBUG_INFO = NO;
				SDKROOT = iphoneos;
				TARGETED_DEVICE_FAMILY = "1,2";
				VALIDATE_PRODUCT = YES;
			};
			name = Release;
		};
		4D1A79DA1EC3FB9E00C1380B /* Debug */ = {
			isa = XCBuildConfiguration;
			buildSettings = {
				ASSETCATALOG_COMPILER_APPICON_NAME = AppIcon;
				DEVELOPMENT_TEAM = UXFW3Q5UB6;
				INFOPLIST_FILE = LHYGFWeiChatTableViewCell/Info.plist;
				IPHONEOS_DEPLOYMENT_TARGET = 8.0;
				LD_RUNPATH_SEARCH_PATHS = "$(inherited) @executable_path/Frameworks";
				PRODUCT_BUNDLE_IDENTIFIER = com.cloudzSYHJLS.LHYGFWeiChatTableViewCell;
				PRODUCT_NAME = "$(TARGET_NAME)";
			};
			name = Debug;
		};
		4D1A79DB1EC3FB9E00C1380B /* Release */ = {
			isa = XCBuildConfiguration;
			buildSettings = {
				ASSETCATALOG_COMPILER_APPICON_NAME = AppIcon;
				DEVELOPMENT_TEAM = UXFW3Q5UB6;
				INFOPLIST_FILE = LHYGFWeiChatTableViewCell/Info.plist;
				IPHONEOS_DEPLOYMENT_TARGET = 8.0;
				LD_RUNPATH_SEARCH_PATHS = "$(inherited) @executable_path/Frameworks";
				PRODUCT_BUNDLE_IDENTIFIER = com.cloudzSYHJLS.LHYGFWeiChatTableViewCell;
				PRODUCT_NAME = "$(TARGET_NAME)";
			};
			name = Release;
		};
		4D1A79DD1EC3FB9E00C1380B /* Debug */ = {
			isa = XCBuildConfiguration;
			buildSettings = {
				BUNDLE_LOADER = "$(TEST_HOST)";
				DEVELOPMENT_TEAM = UXFW3Q5UB6;
				INFOPLIST_FILE = LHYGFWeiChatTableViewCellTests/Info.plist;
				LD_RUNPATH_SEARCH_PATHS = "$(inherited) @executable_path/Frameworks @loader_path/Frameworks";
				PRODUCT_BUNDLE_IDENTIFIER = com.cloudzSYHJLS.LHYGFWeiChatTableViewCellTests;
				PRODUCT_NAME = "$(TARGET_NAME)";
				TEST_HOST = "$(BUILT_PRODUCTS_DIR)/LHYGFWeiChatTableViewCell.app/LHYGFWeiChatTableViewCell";
			};
			name = Debug;
		};
		4D1A79DE1EC3FB9E00C1380B /* Release */ = {
			isa = XCBuildConfiguration;
			buildSettings = {
				BUNDLE_LOADER = "$(TEST_HOST)";
				DEVELOPMENT_TEAM = UXFW3Q5UB6;
				INFOPLIST_FILE = LHYGFWeiChatTableViewCellTests/Info.plist;
				LD_RUNPATH_SEARCH_PATHS = "$(inherited) @executable_path/Frameworks @loader_path/Frameworks";
				PRODUCT_BUNDLE_IDENTIFIER = com.cloudzSYHJLS.LHYGFWeiChatTableViewCellTests;
				PRODUCT_NAME = "$(TARGET_NAME)";
				TEST_HOST = "$(BUILT_PRODUCTS_DIR)/LHYGFWeiChatTableViewCell.app/LHYGFWeiChatTableViewCell";
			};
			name = Release;
		};
		4D1A79E01EC3FB9E00C1380B /* Debug */ = {
			isa = XCBuildConfiguration;
			buildSettings = {
				DEVELOPMENT_TEAM = UXFW3Q5UB6;
				INFOPLIST_FILE = LHYGFWeiChatTableViewCellUITests/Info.plist;
				LD_RUNPATH_SEARCH_PATHS = "$(inherited) @executable_path/Frameworks @loader_path/Frameworks";
				PRODUCT_BUNDLE_IDENTIFIER = com.cloudzSYHJLS.LHYGFWeiChatTableViewCellUITests;
				PRODUCT_NAME = "$(TARGET_NAME)";
				TEST_TARGET_NAME = LHYGFWeiChatTableViewCell;
			};
			name = Debug;
		};
		4D1A79E11EC3FB9E00C1380B /* Release */ = {
			isa = XCBuildConfiguration;
			buildSettings = {
				DEVELOPMENT_TEAM = UXFW3Q5UB6;
				INFOPLIST_FILE = LHYGFWeiChatTableViewCellUITests/Info.plist;
				LD_RUNPATH_SEARCH_PATHS = "$(inherited) @executable_path/Frameworks @loader_path/Frameworks";
				PRODUCT_BUNDLE_IDENTIFIER = com.cloudzSYHJLS.LHYGFWeiChatTableViewCellUITests;
				PRODUCT_NAME = "$(TARGET_NAME)";
				TEST_TARGET_NAME = LHYGFWeiChatTableViewCell;
			};
			name = Release;
		};
/* End XCBuildConfiguration section */

/* Begin XCConfigurationList section */
		4D1A79A71EC3FB9E00C1380B /* Build configuration list for PBXProject "LHYGFWeiChatTableViewCell" */ = {
			isa = XCConfigurationList;
			buildConfigurations = (
				4D1A79D71EC3FB9E00C1380B /* Debug */,
				4D1A79D81EC3FB9E00C1380B /* Release */,
			);
			defaultConfigurationIsVisible = 0;
			defaultConfigurationName = Release;
		};
		4D1A79D91EC3FB9E00C1380B /* Build configuration list for PBXNativeTarget "LHYGFWeiChatTableViewCell" */ = {
			isa = XCConfigurationList;
			buildConfigurations = (
				4D1A79DA1EC3FB9E00C1380B /* Debug */,
				4D1A79DB1EC3FB9E00C1380B /* Release */,
			);
			defaultConfigurationIsVisible = 0;
		};
		4D1A79DC1EC3FB9E00C1380B /* Build configuration list for PBXNativeTarget "LHYGFWeiChatTableViewCellTests" */ = {
			isa = XCConfigurationList;
			buildConfigurations = (
				4D1A79DD1EC3FB9E00C1380B /* Debug */,
				4D1A79DE1EC3FB9E00C1380B /* Release */,
			);
			defaultConfigurationIsVisible = 0;
		};
		4D1A79DF1EC3FB9E00C1380B /* Build configuration list for PBXNativeTarget "LHYGFWeiChatTableViewCellUITests" */ = {
			isa = XCConfigurationList;
			buildConfigurations = (
				4D1A79E01EC3FB9E00C1380B /* Debug */,
				4D1A79E11EC3FB9E00C1380B /* Release */,
			);
			defaultConfigurationIsVisible = 0;
		};
/* End XCConfigurationList section */
	};
	rootObject = 4D1A79A41EC3FB9E00C1380B /* Project object */;
}
